
Microsoft Visual Studio Solution File, Format Version 12.00
# Visual Studio 15
VisualStudioVersion = 15.0.28010.2016
MinimumVisualStudioVersion = 10.0.40219.1
Project("{FAE04EC0-301F-11D3-BF4B-00C04F79EFBC}") = "Sales01.Android", "Sales01\Sales01.Android\Sales01.Android.csproj", "{EF782D30-D5F8-4EDE-9FBC-81AA035E53B9}"
EndProject
Project("{FAE04EC0-301F-11D3-BF4B-00C04F79EFBC}") = "Sales01.iOS", "Sales01\Sales01.iOS\Sales01.iOS.csproj", "{2A854148-574E-477F-B0FB-F176561E521B}"
EndProject
Project("{9A19103F-16F7-4668-BE54-9A1E7A4F7556}") = "Sales01", "Sales01\Sales01\Sales01.csproj", "{5CF0493D-8272-440D-ACD7-F53CD2147E11}"
EndProject
Project("{FAE04EC0-301F-11D3-BF4B-00C04F79EFBC}") = "Sales01.Backend", "Sales01.Backend\Sales01.Backend.csproj", "{AC625681-56B5-4BA7-A70C-006026CC6201}"
EndProject
Project("{FAE04EC0-301F-11D3-BF4B-00C04F79EFBC}") = "Sales01.API", "Sales01.API\Sales01.API.csproj", "{75D5FB40-9B7C-4C13-9267-46A8E850D55D}"
EndProject
Project("{FAE04EC0-301F-11D3-BF4B-00C04F79EFBC}") = "Sales01.Common", "Sales01.Common\Sales01.Common.csproj", "{E6873F24-D259-4430-A228-3E10DFDB6245}"
EndProject
Project("{FAE04EC0-301F-11D3-BF4B-00C04F79EFBC}") = "Sales01.Domain", "Sales01.Domain\Sales01.Domain.csproj", "{B2A9C0A4-E1FC-4708-BF4C-AA1E57D6AC7A}"
EndProject
Global
	GlobalSection(SolutionConfigurationPlatforms) = preSolution
		Ad-Hoc|Any CPU = Ad-Hoc|Any CPU
		Ad-Hoc|iPhone = Ad-Hoc|iPhone
		Ad-Hoc|iPhoneSimulator = Ad-Hoc|iPhoneSimulator
		AppStore|Any CPU = AppStore|Any CPU
		AppStore|iPhone = AppStore|iPhone
		AppStore|iPhoneSimulator = AppStore|iPhoneSimulator
		Debug|Any CPU = Debug|Any CPU
		Debug|iPhone = Debug|iPhone
		Debug|iPhoneSimulator = Debug|iPhoneSimulator
		Release|Any CPU = Release|Any CPU
		Release|iPhone = Release|iPhone
		Release|iPhoneSimulator = Release|iPhoneSimulator
	EndGlobalSection
	GlobalSection(ProjectConfigurationPlatforms) = postSolution
		{EF782D30-D5F8-4EDE-9FBC-81AA035E53B9}.Ad-Hoc|Any CPU.ActiveCfg = Release|Any CPU
		{EF782D30-D5F8-4EDE-9FBC-81AA035E53B9}.Ad-Hoc|Any CPU.Build.0 = Release|Any CPU
		{EF782D30-D5F8-4EDE-9FBC-81AA035E53B9}.Ad-Hoc|Any CPU.Deploy.0 = Release|Any CPU
		{EF782D30-D5F8-4EDE-9FBC-81AA035E53B9}.Ad-Hoc|iPhone.ActiveCfg = Release|Any CPU
		{EF782D30-D5F8-4EDE-9FBC-81AA035E53B9}.Ad-Hoc|iPhone.Build.0 = Release|Any CPU
		{EF782D30-D5F8-4EDE-9FBC-81AA035E53B9}.Ad-Hoc|iPhone.Deploy.0 = Release|Any CPU
		{EF782D30-D5F8-4EDE-9FBC-81AA035E53B9}.Ad-Hoc|iPhoneSimulator.ActiveCfg = Release|Any CPU
		{EF782D30-D5F8-4EDE-9FBC-81AA035E53B9}.Ad-Hoc|iPhoneSimulator.Build.0 = Release|Any CPU
		{EF782D30-D5F8-4EDE-9FBC-81AA035E53B9}.Ad-Hoc|iPhoneSimulator.Deploy.0 = Release|Any CPU
		{EF782D30-D5F8-4EDE-9FBC-81AA035E53B9}.AppStore|Any CPU.ActiveCfg = Release|Any CPU
		{EF782D30-D5F8-4EDE-9FBC-81AA035E53B9}.AppStore|Any CPU.Build.0 = Release|Any CPU
		{EF782D30-D5F8-4EDE-9FBC-81AA035E53B9}.AppStore|Any CPU.Deploy.0 = Release|Any CPU
		{EF782D30-D5F8-4EDE-9FBC-81AA035E53B9}.AppStore|iPhone.ActiveCfg = Release|Any CPU
		{EF782D30-D5F8-4EDE-9FBC-81AA035E53B9}.AppStore|iPhone.Build.0 = Release|Any CPU
		{EF782D30-D5F8-4EDE-9FBC-81AA035E53B9}.AppStore|iPhone.Deploy.0 = Release|Any CPU
		{EF782D30-D5F8-4EDE-9FBC-81AA035E53B9}.AppStore|iPhoneSimulator.ActiveCfg = Release|Any CPU
		{EF782D30-D5F8-4EDE-9FBC-81AA035E53B9}.AppStore|iPhoneSimulator.Build.0 = Release|Any CPU
		{EF782D30-D5F8-4EDE-9FBC-81AA035E53B9}.AppStore|iPhoneSimulator.Deploy.0 = Release|Any CPU
		{EF782D30-D5F8-4EDE-9FBC-81AA035E53B9}.Debug|Any CPU.ActiveCfg = Debug|Any CPU
		{EF782D30-D5F8-4EDE-9FBC-81AA035E53B9}.Debug|Any CPU.Build.0 = Debug|Any CPU
		{EF782D30-D5F8-4EDE-9FBC-81AA035E53B9}.Debug|Any CPU.Deploy.0 = Debug|Any CPU
		{EF782D30-D5F8-4EDE-9FBC-81AA035E53B9}.Debug|iPhone.ActiveCfg = Debug|Any CPU
		{EF782D30-D5F8-4EDE-9FBC-81AA035E53B9}.Debug|iPhone.Build.0 = Debug|Any CPU
		{EF782D30-D5F8-4EDE-9FBC-81AA035E53B9}.Debug|iPhone.Deploy.0 = Debug|Any CPU
		{EF782D30-D5F8-4EDE-9FBC-81AA035E53B9}.Debug|iPhoneSimulator.ActiveCfg = Debug|Any CPU
		{EF782D30-D5F8-4EDE-9FBC-81AA035E53B9}.Debug|iPhoneSimulator.Build.0 = Debug|Any CPU
		{EF782D30-D5F8-4EDE-9FBC-81AA035E53B9}.Debug|iPhoneSimulator.Deploy.0 = Debug|Any CPU
		{EF782D30-D5F8-4EDE-9FBC-81AA035E53B9}.Release|Any CPU.ActiveCfg = Release|Any CPU
		{EF782D30-D5F8-4EDE-9FBC-81AA035E53B9}.Release|Any CPU.Build.0 = Release|Any CPU
		{EF782D30-D5F8-4EDE-9FBC-81AA035E53B9}.Release|Any CPU.Deploy.0 = Release|Any CPU
		{EF782D30-D5F8-4EDE-9FBC-81AA035E53B9}.Release|iPhone.ActiveCfg = Release|Any CPU
		{EF782D30-D5F8-4EDE-9FBC-81AA035E53B9}.Release|iPhone.Build.0 = Release|Any CPU
		{EF782D30-D5F8-4EDE-9FBC-81AA035E53B9}.Release|iPhone.Deploy.0 = Release|Any CPU
		{EF782D30-D5F8-4EDE-9FBC-81AA035E53B9}.Release|iPhoneSimulator.ActiveCfg = Release|Any CPU
		{EF782D30-D5F8-4EDE-9FBC-81AA035E53B9}.Release|iPhoneSimulator.Build.0 = Release|Any CPU
		{EF782D30-D5F8-4EDE-9FBC-81AA035E53B9}.Release|iPhoneSimulator.Deploy.0 = Release|Any CPU
		{2A854148-574E-477F-B0FB-F176561E521B}.Ad-Hoc|Any CPU.ActiveCfg = Ad-Hoc|iPhone
		{2A854148-574E-477F-B0FB-F176561E521B}.Ad-Hoc|Any CPU.Build.0 = Ad-Hoc|iPhone
		{2A854148-574E-477F-B0FB-F176561E521B}.Ad-Hoc|Any CPU.Deploy.0 = Ad-Hoc|iPhone
		{2A854148-574E-477F-B0FB-F176561E521B}.Ad-Hoc|iPhone.ActiveCfg = Ad-Hoc|iPhone
		{2A854148-574E-477F-B0FB-F176561E521B}.Ad-Hoc|iPhone.Build.0 = Ad-Hoc|iPhone
		{2A854148-574E-477F-B0FB-F176561E521B}.Ad-Hoc|iPhone.Deploy.0 = Ad-Hoc|iPhone
		{2A854148-574E-477F-B0FB-F176561E521B}.Ad-Hoc|iPhoneSimulator.ActiveCfg = Ad-Hoc|iPhoneSimulator
		{2A854148-574E-477F-B0FB-F176561E521B}.Ad-Hoc|iPhoneSimulator.Build.0 = Ad-Hoc|iPhoneSimulator
		{2A854148-574E-477F-B0FB-F176561E521B}.Ad-Hoc|iPhoneSimulator.Deploy.0 = Ad-Hoc|iPhoneSimulator
		{2A854148-574E-477F-B0FB-F176561E521B}.AppStore|Any CPU.ActiveCfg = AppStore|iPhone
		{2A854148-574E-477F-B0FB-F176561E521B}.AppStore|Any CPU.Build.0 = AppStore|iPhone
		{2A854148-574E-477F-B0FB-F176561E521B}.AppStore|Any CPU.Deploy.0 = AppStore|iPhone
		{2A854148-574E-477F-B0FB-F176561E521B}.AppStore|iPhone.ActiveCfg = AppStore|iPhone
		{2A854148-574E-477F-B0FB-F176561E521B}.AppStore|iPhone.Build.0 = AppStore|iPhone
		{2A854148-574E-477F-B0FB-F176561E521B}.AppStore|iPhone.Deploy.0 = AppStore|iPhone
		{2A854148-574E-477F-B0FB-F176561E521B}.AppStore|iPhoneSimulator.ActiveCfg = AppStore|iPhoneSimulator
		{2A854148-574E-477F-B0FB-F176561E521B}.AppStore|iPhoneSimulator.Build.0 = AppStore|iPhoneSimulator
		{2A854148-574E-477F-B0FB-F176561E521B}.AppStore|iPhoneSimulator.Deploy.0 = AppStore|iPhoneSimulator
		{2A854148-574E-477F-B0FB-F176561E521B}.Debug|Any CPU.ActiveCfg = Debug|iPhoneSimulator
		{2A854148-574E-477F-B0FB-F176561E521B}.Debug|Any CPU.Build.0 = Debug|iPhoneSimulator
		{2A854148-574E-477F-B0FB-F176561E521B}.Debug|Any CPU.Deploy.0 = Debug|iPhoneSimulator
		{2A854148-574E-477F-B0FB-F176561E521B}.Debug|iPhone.ActiveCfg = Debug|iPhone
		{2A854148-574E-477F-B0FB-F176561E521B}.Debug|iPhone.Build.0 = Debug|iPhone
		{2A854148-574E-477F-B0FB-F176561E521B}.Debug|iPhone.Deploy.0 = Debug|iPhone
		{2A854148-574E-477F-B0FB-F176561E521B}.Debug|iPhoneSimulator.ActiveCfg = Debug|iPhoneSimulator
		{2A854148-574E-477F-B0FB-F176561E521B}.Debug|iPhoneSimulator.Build.0 = Debug|iPhoneSimulator
		{2A854148-574E-477F-B0FB-F176561E521B}.Debug|iPhoneSimulator.Deploy.0 = Debug|iPhoneSimulator
		{2A854148-574E-477F-B0FB-F176561E521B}.Release|Any CPU.ActiveCfg = Release|iPhone
		{2A854148-574E-477F-B0FB-F176561E521B}.Release|Any CPU.Build.0 = Release|iPhone
		{2A854148-574E-477F-B0FB-F176561E521B}.Release|Any CPU.Deploy.0 = Release|iPhone
		{2A854148-574E-477F-B0FB-F176561E521B}.Release|iPhone.ActiveCfg = Release|iPhone
		{2A854148-574E-477F-B0FB-F176561E521B}.Release|iPhone.Build.0 = Release|iPhone
		{2A854148-574E-477F-B0FB-F176561E521B}.Release|iPhone.Deploy.0 = Release|iPhone
		{2A854148-574E-477F-B0FB-F176561E521B}.Release|iPhoneSimulator.ActiveCfg = Release|iPhoneSimulator
		{2A854148-574E-477F-B0FB-F176561E521B}.Release|iPhoneSimulator.Build.0 = Release|iPhoneSimulator
		{2A854148-574E-477F-B0FB-F176561E521B}.Release|iPhoneSimulator.Deploy.0 = Release|iPhoneSimulator
		{5CF0493D-8272-440D-ACD7-F53CD2147E11}.Ad-Hoc|Any CPU.ActiveCfg = Debug|Any CPU
		{5CF0493D-8272-440D-ACD7-F53CD2147E11}.Ad-Hoc|Any CPU.Build.0 = Debug|Any CPU
		{5CF0493D-8272-440D-ACD7-F53CD2147E11}.Ad-Hoc|Any CPU.Deploy.0 = Debug|Any CPU
		{5CF0493D-8272-440D-ACD7-F53CD2147E11}.Ad-Hoc|iPhone.ActiveCfg = Debug|Any CPU
		{5CF0493D-8272-440D-ACD7-F53CD2147E11}.Ad-Hoc|iPhone.Build.0 = Debug|Any CPU
		{5CF0493D-8272-440D-ACD7-F53CD2147E11}.Ad-Hoc|iPhone.Deploy.0 = Debug|Any CPU
		{5CF0493D-8272-440D-ACD7-F53CD2147E11}.Ad-Hoc|iPhoneSimulator.ActiveCfg = Debug|Any CPU
		{5CF0493D-8272-440D-ACD7-F53CD2147E11}.Ad-Hoc|iPhoneSimulator.Build.0 = Debug|Any CPU
		{5CF0493D-8272-440D-ACD7-F53CD2147E11}.Ad-Hoc|iPhoneSimulator.Deploy.0 = Debug|Any CPU
		{5CF0493D-8272-440D-ACD7-F53CD2147E11}.AppStore|Any CPU.ActiveCfg = Debug|Any CPU
		{5CF0493D-8272-440D-ACD7-F53CD2147E11}.AppStore|Any CPU.Build.0 = Debug|Any CPU
		{5CF0493D-8272-440D-ACD7-F53CD2147E11}.AppStore|Any CPU.Deploy.0 = Debug|Any CPU
		{5CF0493D-8272-440D-ACD7-F53CD2147E11}.AppStore|iPhone.ActiveCfg = Debug|Any CPU
		{5CF0493D-8272-440D-ACD7-F53CD2147E11}.AppStore|iPhone.Build.0 = Debug|Any CPU
		{5CF0493D-8272-440D-ACD7-F53CD2147E11}.AppStore|iPhone.Deploy.0 = Debug|Any CPU
		{5CF0493D-8272-440D-ACD7-F53CD2147E11}.AppStore|iPhoneSimulator.ActiveCfg = Debug|Any CPU
		{5CF0493D-8272-440D-ACD7-F53CD2147E11}.AppStore|iPhoneSimulator.Build.0 = Debug|Any CPU
		{5CF0493D-8272-440D-ACD7-F53CD2147E11}.AppStore|iPhoneSimulator.Deploy.0 = Debug|Any CPU
		{5CF0493D-8272-440D-ACD7-F53CD2147E11}.Debug|Any CPU.ActiveCfg = Debug|Any CPU
		{5CF0493D-8272-440D-ACD7-F53CD2147E11}.Debug|Any CPU.Build.0 = Debug|Any CPU
		{5CF0493D-8272-440D-ACD7-F53CD2147E11}.Debug|Any CPU.Deploy.0 = Debug|Any CPU
		{5CF0493D-8272-440D-ACD7-F53CD2147E11}.Debug|iPhone.ActiveCfg = Debug|Any CPU
		{5CF0493D-8272-440D-ACD7-F53CD2147E11}.Debug|iPhone.Build.0 = Debug|Any CPU
		{5CF0493D-8272-440D-ACD7-F53CD2147E11}.Debug|iPhone.Deploy.0 = Debug|Any CPU
		{5CF0493D-8272-440D-ACD7-F53CD2147E11}.Debug|iPhoneSimulator.ActiveCfg = Debug|Any CPU
		{5CF0493D-8272-440D-ACD7-F53CD2147E11}.Debug|iPhoneSimulator.Build.0 = Debug|Any CPU
		{5CF0493D-8272-440D-ACD7-F53CD2147E11}.Debug|iPhoneSimulator.Deploy.0 = Debug|Any CPU
		{5CF0493D-8272-440D-ACD7-F53CD2147E11}.Release|Any CPU.ActiveCfg = Release|Any CPU
		{5CF0493D-8272-440D-ACD7-F53CD2147E11}.Release|Any CPU.Build.0 = Release|Any CPU
		{5CF0493D-8272-440D-ACD7-F53CD2147E11}.Release|Any CPU.Deploy.0 = Release|Any CPU
		{5CF0493D-8272-440D-ACD7-F53CD2147E11}.Release|iPhone.ActiveCfg = Release|Any CPU
		{5CF0493D-8272-440D-ACD7-F53CD2147E11}.Release|iPhone.Build.0 = Release|Any CPU
		{5CF0493D-8272-440D-ACD7-F53CD2147E11}.Release|iPhone.Deploy.0 = Release|Any CPU
		{5CF0493D-8272-440D-ACD7-F53CD2147E11}.Release|iPhoneSimulator.ActiveCfg = Release|Any CPU
		{5CF0493D-8272-440D-ACD7-F53CD2147E11}.Release|iPhoneSimulator.Build.0 = Release|Any CPU
		{5CF0493D-8272-440D-ACD7-F53CD2147E11}.Release|iPhoneSimulator.Deploy.0 = Release|Any CPU
		{AC625681-56B5-4BA7-A70C-006026CC6201}.Ad-Hoc|Any CPU.ActiveCfg = Release|Any CPU
		{AC625681-56B5-4BA7-A70C-006026CC6201}.Ad-Hoc|Any CPU.Build.0 = Release|Any CPU
		{AC625681-56B5-4BA7-A70C-006026CC6201}.Ad-Hoc|iPhone.ActiveCfg = Release|Any CPU
		{AC625681-56B5-4BA7-A70C-006026CC6201}.Ad-Hoc|iPhone.Build.0 = Release|Any CPU
		{AC625681-56B5-4BA7-A70C-006026CC6201}.Ad-Hoc|iPhoneSimulator.ActiveCfg = Release|Any CPU
		{AC625681-56B5-4BA7-A70C-006026CC6201}.Ad-Hoc|iPhoneSimulator.Build.0 = Release|Any CPU
		{AC625681-56B5-4BA7-A70C-006026CC6201}.AppStore|Any CPU.ActiveCfg = Release|Any CPU
		{AC625681-56B5-4BA7-A70C-006026CC6201}.AppStore|Any CPU.Build.0 = Release|Any CPU
		{AC625681-56B5-4BA7-A70C-006026CC6201}.AppStore|iPhone.ActiveCfg = Release|Any CPU
		{AC625681-56B5-4BA7-A70C-006026CC6201}.AppStore|iPhone.Build.0 = Release|Any CPU
		{AC625681-56B5-4BA7-A70C-006026CC6201}.AppStore|iPhoneSimulator.ActiveCfg = Release|Any CPU
		{AC625681-56B5-4BA7-A70C-006026CC6201}.AppStore|iPhoneSimulator.Build.0 = Release|Any CPU
		{AC625681-56B5-4BA7-A70C-006026CC6201}.Debug|Any CPU.ActiveCfg = Debug|Any CPU
		{AC625681-56B5-4BA7-A70C-006026CC6201}.Debug|Any CPU.Build.0 = Debug|Any CPU
		{AC625681-56B5-4BA7-A70C-006026CC6201}.Debug|iPhone.ActiveCfg = Debug|Any CPU
		{AC625681-56B5-4BA7-A70C-006026CC6201}.Debug|iPhone.Build.0 = Debug|Any CPU
		{AC625681-56B5-4BA7-A70C-006026CC6201}.Debug|iPhoneSimulator.ActiveCfg = Debug|Any CPU
		{AC625681-56B5-4BA7-A70C-006026CC6201}.Debug|iPhoneSimulator.Build.0 = Debug|Any CPU
		{AC625681-56B5-4BA7-A70C-006026CC6201}.Release|Any CPU.ActiveCfg = Release|Any CPU
		{AC625681-56B5-4BA7-A70C-006026CC6201}.Release|Any CPU.Build.0 = Release|Any CPU
		{AC625681-56B5-4BA7-A70C-006026CC6201}.Release|iPhone.ActiveCfg = Release|Any CPU
		{AC625681-56B5-4BA7-A70C-006026CC6201}.Release|iPhone.Build.0 = Release|Any CPU
		{AC625681-56B5-4BA7-A70C-006026CC6201}.Release|iPhoneSimulator.ActiveCfg = Release|Any CPU
		{AC625681-56B5-4BA7-A70C-006026CC6201}.Release|iPhoneSimulator.Build.0 = Release|Any CPU
		{75D5FB40-9B7C-4C13-9267-46A8E850D55D}.Ad-Hoc|Any CPU.ActiveCfg = Release|Any CPU
		{75D5FB40-9B7C-4C13-9267-46A8E850D55D}.Ad-Hoc|Any CPU.Build.0 = Release|Any CPU
		{75D5FB40-9B7C-4C13-9267-46A8E850D55D}.Ad-Hoc|iPhone.ActiveCfg = Release|Any CPU
		{75D5FB40-9B7C-4C13-9267-46A8E850D55D}.Ad-Hoc|iPhone.Build.0 = Release|Any CPU
		{75D5FB40-9B7C-4C13-9267-46A8E850D55D}.Ad-Hoc|iPhoneSimulator.ActiveCfg = Release|Any CPU
		{75D5FB40-9B7C-4C13-9267-46A8E850D55D}.Ad-Hoc|iPhoneSimulator.Build.0 = Release|Any CPU
		{75D5FB40-9B7C-4C13-9267-46A8E850D55D}.AppStore|Any CPU.ActiveCfg = Release|Any CPU
		{75D5FB40-9B7C-4C13-9267-46A8E850D55D}.AppStore|Any CPU.Build.0 = Release|Any CPU
		{75D5FB40-9B7C-4C13-9267-46A8E850D55D}.AppStore|iPhone.ActiveCfg = Release|Any CPU
		{75D5FB40-9B7C-4C13-9267-46A8E850D55D}.AppStore|iPhone.Build.0 = Release|Any CPU
		{75D5FB40-9B7C-4C13-9267-46A8E850D55D}.AppStore|iPhoneSimulator.ActiveCfg = Release|Any CPU
		{75D5FB40-9B7C-4C13-9267-46A8E850D55D}.AppStore|iPhoneSimulator.Build.0 = Release|Any CPU
		{75D5FB40-9B7C-4C13-9267-46A8E850D55D}.Debug|Any CPU.ActiveCfg = Debug|Any CPU
		{75D5FB40-9B7C-4C13-9267-46A8E850D55D}.Debug|Any CPU.Build.0 = Debug|Any CPU
		{75D5FB40-9B7C-4C13-9267-46A8E850D55D}.Debug|iPhone.ActiveCfg = Debug|Any CPU
		{75D5FB40-9B7C-4C13-9267-46A8E850D55D}.Debug|iPhone.Build.0 = Debug|Any CPU
		{75D5FB40-9B7C-4C13-9267-46A8E850D55D}.Debug|iPhoneSimulator.ActiveCfg = Debug|Any CPU
		{75D5FB40-9B7C-4C13-9267-46A8E850D55D}.Debug|iPhoneSimulator.Build.0 = Debug|Any CPU
		{75D5FB40-9B7C-4C13-9267-46A8E850D55D}.Release|Any CPU.ActiveCfg = Release|Any CPU
		{75D5FB40-9B7C-4C13-9267-46A8E850D55D}.Release|Any CPU.Build.0 = Release|Any CPU
		{75D5FB40-9B7C-4C13-9267-46A8E850D55D}.Release|iPhone.ActiveCfg = Release|Any CPU
		{75D5FB40-9B7C-4C13-9267-46A8E850D55D}.Release|iPhone.Build.0 = Release|Any CPU
		{75D5FB40-9B7C-4C13-9267-46A8E850D55D}.Release|iPhoneSimulator.ActiveCfg = Release|Any CPU
		{75D5FB40-9B7C-4C13-9267-46A8E850D55D}.Release|iPhoneSimulator.Build.0 = Release|Any CPU
		{E6873F24-D259-4430-A228-3E10DFDB6245}.Ad-Hoc|Any CPU.ActiveCfg = Release|Any CPU
		{E6873F24-D259-4430-A228-3E10DFDB6245}.Ad-Hoc|Any CPU.Build.0 = Release|Any CPU
		{E6873F24-D259-4430-A228-3E10DFDB6245}.Ad-Hoc|iPhone.ActiveCfg = Release|Any CPU
		{E6873F24-D259-4430-A228-3E10DFDB6245}.Ad-Hoc|iPhone.Build.0 = Release|Any CPU
		{E6873F24-D259-4430-A228-3E10DFDB6245}.Ad-Hoc|iPhoneSimulator.ActiveCfg = Release|Any CPU
		{E6873F24-D259-4430-A228-3E10DFDB6245}.Ad-Hoc|iPhoneSimulator.Build.0 = Release|Any CPU
		{E6873F24-D259-4430-A228-3E10DFDB6245}.AppStore|Any CPU.ActiveCfg = Release|Any CPU
		{E6873F24-D259-4430-A228-3E10DFDB6245}.AppStore|Any CPU.Build.0 = Release|Any CPU
		{E6873F24-D259-4430-A228-3E10DFDB6245}.AppStore|iPhone.ActiveCfg = Release|Any CPU
		{E6873F24-D259-4430-A228-3E10DFDB6245}.AppStore|iPhone.Build.0 = Release|Any CPU
		{E6873F24-D259-4430-A228-3E10DFDB6245}.AppStore|iPhoneSimulator.ActiveCfg = Release|Any CPU
		{E6873F24-D259-4430-A228-3E10DFDB6245}.AppStore|iPhoneSimulator.Build.0 = Release|Any CPU
		{E6873F24-D259-4430-A228-3E10DFDB6245}.Debug|Any CPU.ActiveCfg = Debug|Any CPU
		{E6873F24-D259-4430-A228-3E10DFDB6245}.Debug|Any CPU.Build.0 = Debug|Any CPU
		{E6873F24-D259-4430-A228-3E10DFDB6245}.Debug|iPhone.ActiveCfg = Debug|Any CPU
		{E6873F24-D259-4430-A228-3E10DFDB6245}.Debug|iPhone.Build.0 = Debug|Any CPU
		{E6873F24-D259-4430-A228-3E10DFDB6245}.Debug|iPhoneSimulator.ActiveCfg = Debug|Any CPU
		{E6873F24-D259-4430-A228-3E10DFDB6245}.Debug|iPhoneSimulator.Build.0 = Debug|Any CPU
		{E6873F24-D259-4430-A228-3E10DFDB6245}.Release|Any CPU.ActiveCfg = Release|Any CPU
		{E6873F24-D259-4430-A228-3E10DFDB6245}.Release|Any CPU.Build.0 = Release|Any CPU
		{E6873F24-D259-4430-A228-3E10DFDB6245}.Release|iPhone.ActiveCfg = Release|Any CPU
		{E6873F24-D259-4430-A228-3E10DFDB6245}.Release|iPhone.Build.0 = Release|Any CPU
		{E6873F24-D259-4430-A228-3E10DFDB6245}.Release|iPhoneSimulator.ActiveCfg = Release|Any CPU
		{E6873F24-D259-4430-A228-3E10DFDB6245}.Release|iPhoneSimulator.Build.0 = Release|Any CPU
		{B2A9C0A4-E1FC-4708-BF4C-AA1E57D6AC7A}.Ad-Hoc|Any CPU.ActiveCfg = Release|Any CPU
		{B2A9C0A4-E1FC-4708-BF4C-AA1E57D6AC7A}.Ad-Hoc|Any CPU.Build.0 = Release|Any CPU
		{B2A9C0A4-E1FC-4708-BF4C-AA1E57D6AC7A}.Ad-Hoc|iPhone.ActiveCfg = Release|Any CPU
		{B2A9C0A4-E1FC-4708-BF4C-AA1E57D6AC7A}.Ad-Hoc|iPhone.Build.0 = Release|Any CPU
		{B2A9C0A4-E1FC-4708-BF4C-AA1E57D6AC7A}.Ad-Hoc|iPhoneSimulator.ActiveCfg = Release|Any CPU
		{B2A9C0A4-E1FC-4708-BF4C-AA1E57D6AC7A}.Ad-Hoc|iPhoneSimulator.Build.0 = Release|Any CPU
		{B2A9C0A4-E1FC-4708-BF4C-AA1E57D6AC7A}.AppStore|Any CPU.ActiveCfg = Release|Any CPU
		{B2A9C0A4-E1FC-4708-BF4C-AA1E57D6AC7A}.AppStore|Any CPU.Build.0 = Release|Any CPU
		{B2A9C0A4-E1FC-4708-BF4C-AA1E57D6AC7A}.AppStore|iPhone.ActiveCfg = Release|Any CPU
		{B2A9C0A4-E1FC-4708-BF4C-AA1E57D6AC7A}.AppStore|iPhone.Build.0 = Release|Any CPU
		{B2A9C0A4-E1FC-4708-BF4C-AA1E57D6AC7A}.AppStore|iPhoneSimulator.ActiveCfg = Release|Any CPU
		{B2A9C0A4-E1FC-4708-BF4C-AA1E57D6AC7A}.AppStore|iPhoneSimulator.Build.0 = Release|Any CPU
		{B2A9C0A4-E1FC-4708-BF4C-AA1E57D6AC7A}.Debug|Any CPU.ActiveCfg = Debug|Any CPU
		{B2A9C0A4-E1FC-4708-BF4C-AA1E57D6AC7A}.Debug|Any CPU.Build.0 = Debug|Any CPU
		{B2A9C0A4-E1FC-4708-BF4C-AA1E57D6AC7A}.Debug|iPhone.ActiveCfg = Debug|Any CPU
		{B2A9C0A4-E1FC-4708-BF4C-AA1E57D6AC7A}.Debug|iPhone.Build.0 = Debug|Any CPU
		{B2A9C0A4-E1FC-4708-BF4C-AA1E57D6AC7A}.Debug|iPhoneSimulator.ActiveCfg = Debug|Any CPU
		{B2A9C0A4-E1FC-4708-BF4C-AA1E57D6AC7A}.Debug|iPhoneSimulator.Build.0 = Debug|Any CPU
		{B2A9C0A4-E1FC-4708-BF4C-AA1E57D6AC7A}.Release|Any CPU.ActiveCfg = Release|Any CPU
		{B2A9C0A4-E1FC-4708-BF4C-AA1E57D6AC7A}.Release|Any CPU.Build.0 = Release|Any CPU
		{B2A9C0A4-E1FC-4708-BF4C-AA1E57D6AC7A}.Release|iPhone.ActiveCfg = Release|Any CPU
		{B2A9C0A4-E1FC-4708-BF4C-AA1E57D6AC7A}.Release|iPhone.Build.0 = Release|Any CPU
		{B2A9C0A4-E1FC-4708-BF4C-AA1E57D6AC7A}.Release|iPhoneSimulator.ActiveCfg = Release|Any CPU
		{B2A9C0A4-E1FC-4708-BF4C-AA1E57D6AC7A}.Release|iPhoneSimulator.Build.0 = Release|Any CPU
	EndGlobalSection
	GlobalSection(SolutionProperties) = preSolution
		HideSolutionNode = FALSE
	EndGlobalSection
	GlobalSection(ExtensibilityGlobals) = postSolution
		SolutionGuid = {2EEBAD08-A2CC-4D6D-803E-DEDA5E694068}
	EndGlobalSection
EndGlobal
